// !$*UTF8*$!
{
	archiveVersion = 1;
	classes = {
	};
	objectVersion = 55;
	objects = {

/* Begin PBXBuildFile section */
		53BF46832788283900FC5AC8 /* AppDelegate.swift in Sources */ = {isa = PBXBuildFile; fileRef = 53BF46822788283900FC5AC8 /* AppDelegate.swift */; };
		53BF46852788283900FC5AC8 /* SceneDelegate.swift in Sources */ = {isa = PBXBuildFile; fileRef = 53BF46842788283900FC5AC8 /* SceneDelegate.swift */; };
		53BF468A2788283900FC5AC8 /* Main.storyboard in Resources */ = {isa = PBXBuildFile; fileRef = 53BF46882788283900FC5AC8 /* Main.storyboard */; };
		53BF468C2788283B00FC5AC8 /* Assets.xcassets in Resources */ = {isa = PBXBuildFile; fileRef = 53BF468B2788283B00FC5AC8 /* Assets.xcassets */; };
		53BF468F2788283B00FC5AC8 /* LaunchScreen.storyboard in Resources */ = {isa = PBXBuildFile; fileRef = 53BF468D2788283B00FC5AC8 /* LaunchScreen.storyboard */; };
		53BF469C27883A3D00FC5AC8 /* WeatherViewController.swift in Sources */ = {isa = PBXBuildFile; fileRef = 53BF469B27883A3D00FC5AC8 /* WeatherViewController.swift */; };
		53BF469E27883A4800FC5AC8 /* ExchangeViewController.swift in Sources */ = {isa = PBXBuildFile; fileRef = 53BF469D27883A4800FC5AC8 /* ExchangeViewController.swift */; };
		53BF46A027883A5300FC5AC8 /* TranslateViewController.swift in Sources */ = {isa = PBXBuildFile; fileRef = 53BF469F27883A5300FC5AC8 /* TranslateViewController.swift */; };
		53BF46A227883AC900FC5AC8 /* Weather.swift in Sources */ = {isa = PBXBuildFile; fileRef = 53BF46A127883AC900FC5AC8 /* Weather.swift */; };
		53BF46A427883ADA00FC5AC8 /* Exchange.swift in Sources */ = {isa = PBXBuildFile; fileRef = 53BF46A327883ADA00FC5AC8 /* Exchange.swift */; };
		53BF46A627883AE700FC5AC8 /* Translate.swift in Sources */ = {isa = PBXBuildFile; fileRef = 53BF46A527883AE700FC5AC8 /* Translate.swift */; };
		53BF46A82789804500FC5AC8 /* WeatherResponse.swift in Sources */ = {isa = PBXBuildFile; fileRef = 53BF46A72789804500FC5AC8 /* WeatherResponse.swift */; };
		53BF46AC2789C0A500FC5AC8 /* ErrorController.swift in Sources */ = {isa = PBXBuildFile; fileRef = 53BF46AB2789C0A500FC5AC8 /* ErrorController.swift */; };
		53BF46B02789D0A300FC5AC8 /* ExchangeResponse.swift in Sources */ = {isa = PBXBuildFile; fileRef = 53BF46AF2789D0A300FC5AC8 /* ExchangeResponse.swift */; };
		53BF46B4278B3C8200FC5AC8 /* Currency.swift in Sources */ = {isa = PBXBuildFile; fileRef = 53BF46B3278B3C8200FC5AC8 /* Currency.swift */; };
		53BF46B7278B488500FC5AC8 /* String Protocol+.swift in Sources */ = {isa = PBXBuildFile; fileRef = 53BF46B6278B488500FC5AC8 /* String Protocol+.swift */; };
		53BF46B9278C11C600FC5AC8 /* Date +.swift in Sources */ = {isa = PBXBuildFile; fileRef = 53BF46B8278C11C400FC5AC8 /* Date +.swift */; };
		53BF46BE278C4EFB00FC5AC8 /* TranslateResponse.swift in Sources */ = {isa = PBXBuildFile; fileRef = 53BF46BD278C4EFA00FC5AC8 /* TranslateResponse.swift */; };
		53BF46C0278C7EE900FC5AC8 /* Translation.swift in Sources */ = {isa = PBXBuildFile; fileRef = 53BF46BF278C7EE900FC5AC8 /* Translation.swift */; };
		53DBEFAE278E102900180917 /* ExchController + PickerView.swift in Sources */ = {isa = PBXBuildFile; fileRef = 53DBEFAD278E102900180917 /* ExchController + PickerView.swift */; };
		53DBEFB0278E11E100180917 /* ExchController + UItextField.swift in Sources */ = {isa = PBXBuildFile; fileRef = 53DBEFAF278E11E100180917 /* ExchController + UItextField.swift */; };
		53DBEFB2278E1AE900180917 /* ExchangeController + Date.swift in Sources */ = {isa = PBXBuildFile; fileRef = 53DBEFB1278E1AE900180917 /* ExchangeController + Date.swift */; };
		53DBEFB4278E248700180917 /* TranslateController + TranslateDelegate.swift in Sources */ = {isa = PBXBuildFile; fileRef = 53DBEFB3278E248700180917 /* TranslateController + TranslateDelegate.swift */; };
		53DBEFB6278E24BE00180917 /* TranslateController + TextView.swift in Sources */ = {isa = PBXBuildFile; fileRef = 53DBEFB5278E24BE00180917 /* TranslateController + TextView.swift */; };
		53DBEFB8278E24E400180917 /* TranslateController + Menu.swift in Sources */ = {isa = PBXBuildFile; fileRef = 53DBEFB7278E24E400180917 /* TranslateController + Menu.swift */; };
		53DBEFD3278F1DC500180917 /* WeatherTests.swift in Sources */ = {isa = PBXBuildFile; fileRef = 53DBEFD2278F1DC500180917 /* WeatherTests.swift */; };
		53DBEFDA278F1E0C00180917 /* Protocol +.swift in Sources */ = {isa = PBXBuildFile; fileRef = 53DBEFD9278F1E0C00180917 /* Protocol +.swift */; };
		53DBEFDE278F246300180917 /* Weather.json in Resources */ = {isa = PBXBuildFile; fileRef = 53DBEFDD278F246300180917 /* Weather.json */; };
		53DBEFE0278F247100180917 /* Translate.json in Resources */ = {isa = PBXBuildFile; fileRef = 53DBEFDF278F247100180917 /* Translate.json */; };
		53DBEFE2278F248300180917 /* Exchange.json in Resources */ = {isa = PBXBuildFile; fileRef = 53DBEFE1278F248300180917 /* Exchange.json */; };
		53DBEFE4278F28CD00180917 /* FakeResponseData.swift in Sources */ = {isa = PBXBuildFile; fileRef = 53DBEFE3278F28CD00180917 /* FakeResponseData.swift */; };
		53DBEFF3279029D000180917 /* ExchangeTests.swift in Sources */ = {isa = PBXBuildFile; fileRef = 53DBEFF2279029D000180917 /* ExchangeTests.swift */; };
		53DBEFF527902D6600180917 /* TranslateTests.swift in Sources */ = {isa = PBXBuildFile; fileRef = 53DBEFF427902D6600180917 /* TranslateTests.swift */; };
/* End PBXBuildFile section */

/* Begin PBXContainerItemProxy section */
		53DBEFD4278F1DC500180917 /* PBXContainerItemProxy */ = {
			isa = PBXContainerItemProxy;
			containerPortal = 53BF46772788283900FC5AC8 /* Project object */;
			proxyType = 1;
			remoteGlobalIDString = 53BF467E2788283900FC5AC8;
			remoteInfo = "Voyage Voyage";
		};
/* End PBXContainerItemProxy section */

/* Begin PBXFileReference section */
		53BF467F2788283900FC5AC8 /* Voyage Voyage.app */ = {isa = PBXFileReference; explicitFileType = wrapper.application; includeInIndex = 0; path = "Voyage Voyage.app"; sourceTree = BUILT_PRODUCTS_DIR; };
		53BF46822788283900FC5AC8 /* AppDelegate.swift */ = {isa = PBXFileReference; lastKnownFileType = sourcecode.swift; path = AppDelegate.swift; sourceTree = "<group>"; };
		53BF46842788283900FC5AC8 /* SceneDelegate.swift */ = {isa = PBXFileReference; lastKnownFileType = sourcecode.swift; path = SceneDelegate.swift; sourceTree = "<group>"; };
		53BF46892788283900FC5AC8 /* Base */ = {isa = PBXFileReference; lastKnownFileType = file.storyboard; name = Base; path = Base.lproj/Main.storyboard; sourceTree = "<group>"; };
		53BF468B2788283B00FC5AC8 /* Assets.xcassets */ = {isa = PBXFileReference; lastKnownFileType = folder.assetcatalog; path = Assets.xcassets; sourceTree = "<group>"; };
		53BF468E2788283B00FC5AC8 /* Base */ = {isa = PBXFileReference; lastKnownFileType = file.storyboard; name = Base; path = Base.lproj/LaunchScreen.storyboard; sourceTree = "<group>"; };
		53BF46902788283B00FC5AC8 /* Info.plist */ = {isa = PBXFileReference; lastKnownFileType = text.plist.xml; path = Info.plist; sourceTree = "<group>"; };
		53BF469B27883A3D00FC5AC8 /* WeatherViewController.swift */ = {isa = PBXFileReference; lastKnownFileType = sourcecode.swift; path = WeatherViewController.swift; sourceTree = "<group>"; };
		53BF469D27883A4800FC5AC8 /* ExchangeViewController.swift */ = {isa = PBXFileReference; lastKnownFileType = sourcecode.swift; path = ExchangeViewController.swift; sourceTree = "<group>"; };
		53BF469F27883A5300FC5AC8 /* TranslateViewController.swift */ = {isa = PBXFileReference; lastKnownFileType = sourcecode.swift; path = TranslateViewController.swift; sourceTree = "<group>"; };
		53BF46A127883AC900FC5AC8 /* Weather.swift */ = {isa = PBXFileReference; lastKnownFileType = sourcecode.swift; path = Weather.swift; sourceTree = "<group>"; };
		53BF46A327883ADA00FC5AC8 /* Exchange.swift */ = {isa = PBXFileReference; lastKnownFileType = sourcecode.swift; path = Exchange.swift; sourceTree = "<group>"; };
		53BF46A527883AE700FC5AC8 /* Translate.swift */ = {isa = PBXFileReference; lastKnownFileType = sourcecode.swift; path = Translate.swift; sourceTree = "<group>"; };
		53BF46A72789804500FC5AC8 /* WeatherResponse.swift */ = {isa = PBXFileReference; lastKnownFileType = sourcecode.swift; path = WeatherResponse.swift; sourceTree = "<group>"; };
		53BF46AB2789C0A500FC5AC8 /* ErrorController.swift */ = {isa = PBXFileReference; lastKnownFileType = sourcecode.swift; path = ErrorController.swift; sourceTree = "<group>"; };
		53BF46AF2789D0A300FC5AC8 /* ExchangeResponse.swift */ = {isa = PBXFileReference; lastKnownFileType = sourcecode.swift; path = ExchangeResponse.swift; sourceTree = "<group>"; };
		53BF46B3278B3C8200FC5AC8 /* Currency.swift */ = {isa = PBXFileReference; lastKnownFileType = sourcecode.swift; path = Currency.swift; sourceTree = "<group>"; };
		53BF46B6278B488500FC5AC8 /* String Protocol+.swift */ = {isa = PBXFileReference; lastKnownFileType = sourcecode.swift; path = "String Protocol+.swift"; sourceTree = "<group>"; };
		53BF46B8278C11C400FC5AC8 /* Date +.swift */ = {isa = PBXFileReference; lastKnownFileType = sourcecode.swift; path = "Date +.swift"; sourceTree = "<group>"; };
		53BF46BD278C4EFA00FC5AC8 /* TranslateResponse.swift */ = {isa = PBXFileReference; lastKnownFileType = sourcecode.swift; path = TranslateResponse.swift; sourceTree = "<group>"; };
		53BF46BF278C7EE900FC5AC8 /* Translation.swift */ = {isa = PBXFileReference; lastKnownFileType = sourcecode.swift; path = Translation.swift; sourceTree = "<group>"; };
		53DBEFAD278E102900180917 /* ExchController + PickerView.swift */ = {isa = PBXFileReference; lastKnownFileType = sourcecode.swift; path = "ExchController + PickerView.swift"; sourceTree = "<group>"; };
		53DBEFAF278E11E100180917 /* ExchController + UItextField.swift */ = {isa = PBXFileReference; lastKnownFileType = sourcecode.swift; path = "ExchController + UItextField.swift"; sourceTree = "<group>"; };
		53DBEFB1278E1AE900180917 /* ExchangeController + Date.swift */ = {isa = PBXFileReference; lastKnownFileType = sourcecode.swift; path = "ExchangeController + Date.swift"; sourceTree = "<group>"; };
		53DBEFB3278E248700180917 /* TranslateController + TranslateDelegate.swift */ = {isa = PBXFileReference; lastKnownFileType = sourcecode.swift; path = "TranslateController + TranslateDelegate.swift"; sourceTree = "<group>"; };
		53DBEFB5278E24BE00180917 /* TranslateController + TextView.swift */ = {isa = PBXFileReference; lastKnownFileType = sourcecode.swift; path = "TranslateController + TextView.swift"; sourceTree = "<group>"; };
		53DBEFB7278E24E400180917 /* TranslateController + Menu.swift */ = {isa = PBXFileReference; lastKnownFileType = sourcecode.swift; path = "TranslateController + Menu.swift"; sourceTree = "<group>"; };
		53DBEFD0278F1DC500180917 /* VoyageTests.xctest */ = {isa = PBXFileReference; explicitFileType = wrapper.cfbundle; includeInIndex = 0; path = VoyageTests.xctest; sourceTree = BUILT_PRODUCTS_DIR; };
		53DBEFD2278F1DC500180917 /* WeatherTests.swift */ = {isa = PBXFileReference; lastKnownFileType = sourcecode.swift; path = WeatherTests.swift; sourceTree = "<group>"; };
		53DBEFD9278F1E0C00180917 /* Protocol +.swift */ = {isa = PBXFileReference; lastKnownFileType = sourcecode.swift; path = "Protocol +.swift"; sourceTree = "<group>"; };
		53DBEFDD278F246300180917 /* Weather.json */ = {isa = PBXFileReference; lastKnownFileType = text.json; path = Weather.json; sourceTree = "<group>"; };
		53DBEFDF278F247100180917 /* Translate.json */ = {isa = PBXFileReference; lastKnownFileType = text.json; path = Translate.json; sourceTree = "<group>"; };
		53DBEFE1278F248300180917 /* Exchange.json */ = {isa = PBXFileReference; lastKnownFileType = text.json; path = Exchange.json; sourceTree = "<group>"; };
		53DBEFE3278F28CD00180917 /* FakeResponseData.swift */ = {isa = PBXFileReference; lastKnownFileType = sourcecode.swift; path = FakeResponseData.swift; sourceTree = "<group>"; };
		53DBEFF2279029D000180917 /* ExchangeTests.swift */ = {isa = PBXFileReference; lastKnownFileType = sourcecode.swift; path = ExchangeTests.swift; sourceTree = "<group>"; };
		53DBEFF427902D6600180917 /* TranslateTests.swift */ = {isa = PBXFileReference; lastKnownFileType = sourcecode.swift; path = TranslateTests.swift; sourceTree = "<group>"; };
/* End PBXFileReference section */

/* Begin PBXFrameworksBuildPhase section */
		53BF467C2788283900FC5AC8 /* Frameworks */ = {
			isa = PBXFrameworksBuildPhase;
			buildActionMask = 2147483647;
			files = (
			);
			runOnlyForDeploymentPostprocessing = 0;
		};
		53DBEFCD278F1DC500180917 /* Frameworks */ = {
			isa = PBXFrameworksBuildPhase;
			buildActionMask = 2147483647;
			files = (
			);
			runOnlyForDeploymentPostprocessing = 0;
		};
/* End PBXFrameworksBuildPhase section */

/* Begin PBXGroup section */
		53BF46762788283900FC5AC8 = {
			isa = PBXGroup;
			children = (
				53BF46812788283900FC5AC8 /* Voyage Voyage */,
				53DBEFD1278F1DC500180917 /* VoyageTests */,
				53BF46802788283900FC5AC8 /* Products */,
			);
			sourceTree = "<group>";
		};
		53BF46802788283900FC5AC8 /* Products */ = {
			isa = PBXGroup;
			children = (
				53BF467F2788283900FC5AC8 /* Voyage Voyage.app */,
				53DBEFD0278F1DC500180917 /* VoyageTests.xctest */,
			);
			name = Products;
			sourceTree = "<group>";
		};
		53BF46812788283900FC5AC8 /* Voyage Voyage */ = {
			isa = PBXGroup;
			children = (
				53BF46B5278B486400FC5AC8 /* extension */,
				53BF46822788283900FC5AC8 /* AppDelegate.swift */,
				53BF46842788283900FC5AC8 /* SceneDelegate.swift */,
				53BF46902788283B00FC5AC8 /* Info.plist */,
				53BF46972788284F00FC5AC8 /* Model */,
				53BF46982788285B00FC5AC8 /* Controller */,
				53BF46962788284800FC5AC8 /* View */,
			);
			path = "Voyage Voyage";
			sourceTree = "<group>";
		};
		53BF46962788284800FC5AC8 /* View */ = {
			isa = PBXGroup;
			children = (
				53BF468B2788283B00FC5AC8 /* Assets.xcassets */,
				53BF46882788283900FC5AC8 /* Main.storyboard */,
				53BF468D2788283B00FC5AC8 /* LaunchScreen.storyboard */,
			);
			path = View;
			sourceTree = "<group>";
		};
		53BF46972788284F00FC5AC8 /* Model */ = {
			isa = PBXGroup;
			children = (
				53BF46BC278C27C600FC5AC8 /* Translate */,
				53BF46BB278C27B100FC5AC8 /* Currency Exchange */,
				53BF46BA278C273800FC5AC8 /* Weather */,
			);
			path = Model;
			sourceTree = "<group>";
		};
		53BF46982788285B00FC5AC8 /* Controller */ = {
			isa = PBXGroup;
			children = (
				53BF46C3278D8F7100FC5AC8 /* TranslateController */,
				53BF46C2278D8F6200FC5AC8 /* ExchangeController */,
				53BF46C1278D8F5200FC5AC8 /* WeatherController */,
				53BF46AB2789C0A500FC5AC8 /* ErrorController.swift */,
			);
			path = Controller;
			sourceTree = "<group>";
		};
		53BF46B5278B486400FC5AC8 /* extension */ = {
			isa = PBXGroup;
			children = (
				53BF46B6278B488500FC5AC8 /* String Protocol+.swift */,
				53BF46B8278C11C400FC5AC8 /* Date +.swift */,
			);
			path = extension;
			sourceTree = "<group>";
		};
		53BF46BA278C273800FC5AC8 /* Weather */ = {
			isa = PBXGroup;
			children = (
				53BF46A127883AC900FC5AC8 /* Weather.swift */,
				53BF46A72789804500FC5AC8 /* WeatherResponse.swift */,
			);
			path = Weather;
			sourceTree = "<group>";
		};
		53BF46BB278C27B100FC5AC8 /* Currency Exchange */ = {
			isa = PBXGroup;
			children = (
				53BF46A327883ADA00FC5AC8 /* Exchange.swift */,
				53BF46B3278B3C8200FC5AC8 /* Currency.swift */,
				53BF46AF2789D0A300FC5AC8 /* ExchangeResponse.swift */,
			);
			path = "Currency Exchange";
			sourceTree = "<group>";
		};
		53BF46BC278C27C600FC5AC8 /* Translate */ = {
			isa = PBXGroup;
			children = (
				53BF46A527883AE700FC5AC8 /* Translate.swift */,
				53BF46BF278C7EE900FC5AC8 /* Translation.swift */,
				53BF46BD278C4EFA00FC5AC8 /* TranslateResponse.swift */,
			);
			path = Translate;
			sourceTree = "<group>";
		};
		53BF46C1278D8F5200FC5AC8 /* WeatherController */ = {
			isa = PBXGroup;
			children = (
				53BF469B27883A3D00FC5AC8 /* WeatherViewController.swift */,
			);
			path = WeatherController;
			sourceTree = "<group>";
		};
		53BF46C2278D8F6200FC5AC8 /* ExchangeController */ = {
			isa = PBXGroup;
			children = (
				53BF469D27883A4800FC5AC8 /* ExchangeViewController.swift */,
				53DBEFAD278E102900180917 /* ExchController + PickerView.swift */,
				53DBEFAF278E11E100180917 /* ExchController + UItextField.swift */,
				53DBEFB1278E1AE900180917 /* ExchangeController + Date.swift */,
			);
			path = ExchangeController;
			sourceTree = "<group>";
		};
		53BF46C3278D8F7100FC5AC8 /* TranslateController */ = {
			isa = PBXGroup;
			children = (
				53BF469F27883A5300FC5AC8 /* TranslateViewController.swift */,
				53DBEFB3278E248700180917 /* TranslateController + TranslateDelegate.swift */,
				53DBEFB5278E24BE00180917 /* TranslateController + TextView.swift */,
				53DBEFB7278E24E400180917 /* TranslateController + Menu.swift */,
			);
			path = TranslateController;
			sourceTree = "<group>";
		};
		53DBEFD1278F1DC500180917 /* VoyageTests */ = {
			isa = PBXGroup;
			children = (
				53DBEFD2278F1DC500180917 /* WeatherTests.swift */,
				53DBEFF2279029D000180917 /* ExchangeTests.swift */,
				53DBEFF427902D6600180917 /* TranslateTests.swift */,
				53DBEFD9278F1E0C00180917 /* Protocol +.swift */,
				53DBEFDD278F246300180917 /* Weather.json */,
				53DBEFDF278F247100180917 /* Translate.json */,
				53DBEFE1278F248300180917 /* Exchange.json */,
				53DBEFE3278F28CD00180917 /* FakeResponseData.swift */,
			);
			path = VoyageTests;
			sourceTree = "<group>";
		};
/* End PBXGroup section */

/* Begin PBXNativeTarget section */
		53BF467E2788283900FC5AC8 /* Voyage Voyage */ = {
			isa = PBXNativeTarget;
			buildConfigurationList = 53BF46932788283B00FC5AC8 /* Build configuration list for PBXNativeTarget "Voyage Voyage" */;
			buildPhases = (
				53BF467B2788283900FC5AC8 /* Sources */,
				53BF467C2788283900FC5AC8 /* Frameworks */,
				53BF467D2788283900FC5AC8 /* Resources */,
			);
			buildRules = (
			);
			dependencies = (
			);
			name = "Voyage Voyage";
			productName = "Voyage Voyage";
			productReference = 53BF467F2788283900FC5AC8 /* Voyage Voyage.app */;
			productType = "com.apple.product-type.application";
		};
		53DBEFCF278F1DC500180917 /* VoyageTests */ = {
			isa = PBXNativeTarget;
			buildConfigurationList = 53DBEFD6278F1DC500180917 /* Build configuration list for PBXNativeTarget "VoyageTests" */;
			buildPhases = (
				53DBEFCC278F1DC500180917 /* Sources */,
				53DBEFCD278F1DC500180917 /* Frameworks */,
				53DBEFCE278F1DC500180917 /* Resources */,
			);
			buildRules = (
			);
			dependencies = (
				53DBEFD5278F1DC500180917 /* PBXTargetDependency */,
			);
			name = VoyageTests;
			productName = VoyageTests;
			productReference = 53DBEFD0278F1DC500180917 /* VoyageTests.xctest */;
			productType = "com.apple.product-type.bundle.unit-test";
		};
/* End PBXNativeTarget section */

/* Begin PBXProject section */
		53BF46772788283900FC5AC8 /* Project object */ = {
			isa = PBXProject;
			attributes = {
				BuildIndependentTargetsInParallel = 1;
				LastSwiftUpdateCheck = 1310;
				LastUpgradeCheck = 1310;
				TargetAttributes = {
					53BF467E2788283900FC5AC8 = {
						CreatedOnToolsVersion = 13.1;
					};
					53DBEFCF278F1DC500180917 = {
						CreatedOnToolsVersion = 13.1;
						TestTargetID = 53BF467E2788283900FC5AC8;
					};
				};
			};
			buildConfigurationList = 53BF467A2788283900FC5AC8 /* Build configuration list for PBXProject "Voyage Voyage" */;
			compatibilityVersion = "Xcode 13.0";
			developmentRegion = en;
			hasScannedForEncodings = 0;
			knownRegions = (
				en,
				Base,
			);
			mainGroup = 53BF46762788283900FC5AC8;
			productRefGroup = 53BF46802788283900FC5AC8 /* Products */;
			projectDirPath = "";
			projectRoot = "";
			targets = (
				53BF467E2788283900FC5AC8 /* Voyage Voyage */,
				53DBEFCF278F1DC500180917 /* VoyageTests */,
			);
		};
/* End PBXProject section */

/* Begin PBXResourcesBuildPhase section */
		53BF467D2788283900FC5AC8 /* Resources */ = {
			isa = PBXResourcesBuildPhase;
			buildActionMask = 2147483647;
			files = (
				53BF468F2788283B00FC5AC8 /* LaunchScreen.storyboard in Resources */,
				53BF468C2788283B00FC5AC8 /* Assets.xcassets in Resources */,
				53BF468A2788283900FC5AC8 /* Main.storyboard in Resources */,
			);
			runOnlyForDeploymentPostprocessing = 0;
		};
		53DBEFCE278F1DC500180917 /* Resources */ = {
			isa = PBXResourcesBuildPhase;
			buildActionMask = 2147483647;
			files = (
				53DBEFE2278F248300180917 /* Exchange.json in Resources */,
				53DBEFE0278F247100180917 /* Translate.json in Resources */,
				53DBEFDE278F246300180917 /* Weather.json in Resources */,
			);
			runOnlyForDeploymentPostprocessing = 0;
		};
/* End PBXResourcesBuildPhase section */

/* Begin PBXSourcesBuildPhase section */
		53BF467B2788283900FC5AC8 /* Sources */ = {
			isa = PBXSourcesBuildPhase;
			buildActionMask = 2147483647;
			files = (
				53DBEFB8278E24E400180917 /* TranslateController + Menu.swift in Sources */,
				53BF46B4278B3C8200FC5AC8 /* Currency.swift in Sources */,
				53BF46B7278B488500FC5AC8 /* String Protocol+.swift in Sources */,
				53BF46AC2789C0A500FC5AC8 /* ErrorController.swift in Sources */,
				53DBEFB2278E1AE900180917 /* ExchangeController + Date.swift in Sources */,
				53BF46A627883AE700FC5AC8 /* Translate.swift in Sources */,
				53BF46832788283900FC5AC8 /* AppDelegate.swift in Sources */,
				53DBEFB4278E248700180917 /* TranslateController + TranslateDelegate.swift in Sources */,
				53BF46B02789D0A300FC5AC8 /* ExchangeResponse.swift in Sources */,
				53BF46A027883A5300FC5AC8 /* TranslateViewController.swift in Sources */,
				53BF46A427883ADA00FC5AC8 /* Exchange.swift in Sources */,
				53BF46B9278C11C600FC5AC8 /* Date +.swift in Sources */,
				53BF469C27883A3D00FC5AC8 /* WeatherViewController.swift in Sources */,
				53BF46A82789804500FC5AC8 /* WeatherResponse.swift in Sources */,
				53BF46C0278C7EE900FC5AC8 /* Translation.swift in Sources */,
				53DBEFB0278E11E100180917 /* ExchController + UItextField.swift in Sources */,
				53BF46852788283900FC5AC8 /* SceneDelegate.swift in Sources */,
				53DBEFAE278E102900180917 /* ExchController + PickerView.swift in Sources */,
				53BF46A227883AC900FC5AC8 /* Weather.swift in Sources */,
				53BF46BE278C4EFB00FC5AC8 /* TranslateResponse.swift in Sources */,
				53DBEFB6278E24BE00180917 /* TranslateController + TextView.swift in Sources */,
				53BF469E27883A4800FC5AC8 /* ExchangeViewController.swift in Sources */,
			);
			runOnlyForDeploymentPostprocessing = 0;
		};
		53DBEFCC278F1DC500180917 /* Sources */ = {
			isa = PBXSourcesBuildPhase;
			buildActionMask = 2147483647;
			files = (
				53DBEFD3278F1DC500180917 /* WeatherTests.swift in Sources */,
				53DBEFE4278F28CD00180917 /* FakeResponseData.swift in Sources */,
				53DBEFF527902D6600180917 /* TranslateTests.swift in Sources */,
				53DBEFF3279029D000180917 /* ExchangeTests.swift in Sources */,
				53DBEFDA278F1E0C00180917 /* Protocol +.swift in Sources */,
			);
			runOnlyForDeploymentPostprocessing = 0;
		};
/* End PBXSourcesBuildPhase section */

/* Begin PBXTargetDependency section */
		53DBEFD5278F1DC500180917 /* PBXTargetDependency */ = {
			isa = PBXTargetDependency;
			target = 53BF467E2788283900FC5AC8 /* Voyage Voyage */;
			targetProxy = 53DBEFD4278F1DC500180917 /* PBXContainerItemProxy */;
		};
/* End PBXTargetDependency section */

/* Begin PBXVariantGroup section */
		53BF46882788283900FC5AC8 /* Main.storyboard */ = {
			isa = PBXVariantGroup;
			children = (
				53BF46892788283900FC5AC8 /* Base */,
			);
			name = Main.storyboard;
			sourceTree = "<group>";
		};
		53BF468D2788283B00FC5AC8 /* LaunchScreen.storyboard */ = {
			isa = PBXVariantGroup;
			children = (
				53BF468E2788283B00FC5AC8 /* Base */,
			);
			name = LaunchScreen.storyboard;
			sourceTree = "<group>";
		};
/* End PBXVariantGroup section */

/* Begin XCBuildConfiguration section */
		53BF46912788283B00FC5AC8 /* Debug */ = {
			isa = XCBuildConfiguration;
			buildSettings = {
				ALWAYS_SEARCH_USER_PATHS = NO;
				CLANG_ANALYZER_NONNULL = YES;
				CLANG_ANALYZER_NUMBER_OBJECT_CONVERSION = YES_AGGRESSIVE;
				CLANG_CXX_LANGUAGE_STANDARD = "gnu++17";
				CLANG_CXX_LIBRARY = "libc++";
				CLANG_ENABLE_MODULES = YES;
				CLANG_ENABLE_OBJC_ARC = YES;
				CLANG_ENABLE_OBJC_WEAK = YES;
				CLANG_WARN_BLOCK_CAPTURE_AUTORELEASING = YES;
				CLANG_WARN_BOOL_CONVERSION = YES;
				CLANG_WARN_COMMA = YES;
				CLANG_WARN_CONSTANT_CONVERSION = YES;
				CLANG_WARN_DEPRECATED_OBJC_IMPLEMENTATIONS = YES;
				CLANG_WARN_DIRECT_OBJC_ISA_USAGE = YES_ERROR;
				CLANG_WARN_DOCUMENTATION_COMMENTS = YES;
				CLANG_WARN_EMPTY_BODY = YES;
				CLANG_WARN_ENUM_CONVERSION = YES;
				CLANG_WARN_INFINITE_RECURSION = YES;
				CLANG_WARN_INT_CONVERSION = YES;
				CLANG_WARN_NON_LITERAL_NULL_CONVERSION = YES;
				CLANG_WARN_OBJC_IMPLICIT_RETAIN_SELF = YES;
				CLANG_WARN_OBJC_LITERAL_CONVERSION = YES;
				CLANG_WARN_OBJC_ROOT_CLASS = YES_ERROR;
				CLANG_WARN_QUOTED_INCLUDE_IN_FRAMEWORK_HEADER = YES;
				CLANG_WARN_RANGE_LOOP_ANALYSIS = YES;
				CLANG_WARN_STRICT_PROTOTYPES = YES;
				CLANG_WARN_SUSPICIOUS_MOVE = YES;
				CLANG_WARN_UNGUARDED_AVAILABILITY = YES_AGGRESSIVE;
				CLANG_WARN_UNREACHABLE_CODE = YES;
				CLANG_WARN__DUPLICATE_METHOD_MATCH = YES;
				COPY_PHASE_STRIP = NO;
				DEBUG_INFORMATION_FORMAT = dwarf;
				ENABLE_STRICT_OBJC_MSGSEND = YES;
				ENABLE_TESTABILITY = YES;
				GCC_C_LANGUAGE_STANDARD = gnu11;
				GCC_DYNAMIC_NO_PIC = NO;
				GCC_NO_COMMON_BLOCKS = YES;
				GCC_OPTIMIZATION_LEVEL = 0;
				GCC_PREPROCESSOR_DEFINITIONS = (
					"DEBUG=1",
					"$(inherited)",
				);
				GCC_WARN_64_TO_32_BIT_CONVERSION = YES;
				GCC_WARN_ABOUT_RETURN_TYPE = YES_ERROR;
				GCC_WARN_UNDECLARED_SELECTOR = YES;
				GCC_WARN_UNINITIALIZED_AUTOS = YES_AGGRESSIVE;
				GCC_WARN_UNUSED_FUNCTION = YES;
				GCC_WARN_UNUSED_VARIABLE = YES;
				IPHONEOS_DEPLOYMENT_TARGET = 15.0;
				MTL_ENABLE_DEBUG_INFO = INCLUDE_SOURCE;
				MTL_FAST_MATH = YES;
				ONLY_ACTIVE_ARCH = YES;
				SDKROOT = iphoneos;
				SWIFT_ACTIVE_COMPILATION_CONDITIONS = DEBUG;
				SWIFT_OPTIMIZATION_LEVEL = "-Onone";
			};
			name = Debug;
		};
		53BF46922788283B00FC5AC8 /* Release */ = {
			isa = XCBuildConfiguration;
			buildSettings = {
				ALWAYS_SEARCH_USER_PATHS = NO;
				CLANG_ANALYZER_NONNULL = YES;
				CLANG_ANALYZER_NUMBER_OBJECT_CONVERSION = YES_AGGRESSIVE;
				CLANG_CXX_LANGUAGE_STANDARD = "gnu++17";
				CLANG_CXX_LIBRARY = "libc++";
				CLANG_ENABLE_MODULES = YES;
				CLANG_ENABLE_OBJC_ARC = YES;
				CLANG_ENABLE_OBJC_WEAK = YES;
				CLANG_WARN_BLOCK_CAPTURE_AUTORELEASING = YES;
				CLANG_WARN_BOOL_CONVERSION = YES;
				CLANG_WARN_COMMA = YES;
				CLANG_WARN_CONSTANT_CONVERSION = YES;
				CLANG_WARN_DEPRECATED_OBJC_IMPLEMENTATIONS = YES;
				CLANG_WARN_DIRECT_OBJC_ISA_USAGE = YES_ERROR;
				CLANG_WARN_DOCUMENTATION_COMMENTS = YES;
				CLANG_WARN_EMPTY_BODY = YES;
				CLANG_WARN_ENUM_CONVERSION = YES;
				CLANG_WARN_INFINITE_RECURSION = YES;
				CLANG_WARN_INT_CONVERSION = YES;
				CLANG_WARN_NON_LITERAL_NULL_CONVERSION = YES;
				CLANG_WARN_OBJC_IMPLICIT_RETAIN_SELF = YES;
				CLANG_WARN_OBJC_LITERAL_CONVERSION = YES;
				CLANG_WARN_OBJC_ROOT_CLASS = YES_ERROR;
				CLANG_WARN_QUOTED_INCLUDE_IN_FRAMEWORK_HEADER = YES;
				CLANG_WARN_RANGE_LOOP_ANALYSIS = YES;
				CLANG_WARN_STRICT_PROTOTYPES = YES;
				CLANG_WARN_SUSPICIOUS_MOVE = YES;
				CLANG_WARN_UNGUARDED_AVAILABILITY = YES_AGGRESSIVE;
				CLANG_WARN_UNREACHABLE_CODE = YES;
				CLANG_WARN__DUPLICATE_METHOD_MATCH = YES;
				COPY_PHASE_STRIP = NO;
				DEBUG_INFORMATION_FORMAT = "dwarf-with-dsym";
				ENABLE_NS_ASSERTIONS = NO;
				ENABLE_STRICT_OBJC_MSGSEND = YES;
				GCC_C_LANGUAGE_STANDARD = gnu11;
				GCC_NO_COMMON_BLOCKS = YES;
				GCC_WARN_64_TO_32_BIT_CONVERSION = YES;
				GCC_WARN_ABOUT_RETURN_TYPE = YES_ERROR;
				GCC_WARN_UNDECLARED_SELECTOR = YES;
				GCC_WARN_UNINITIALIZED_AUTOS = YES_AGGRESSIVE;
				GCC_WARN_UNUSED_FUNCTION = YES;
				GCC_WARN_UNUSED_VARIABLE = YES;
				IPHONEOS_DEPLOYMENT_TARGET = 15.0;
				MTL_ENABLE_DEBUG_INFO = NO;
				MTL_FAST_MATH = YES;
				SDKROOT = iphoneos;
				SWIFT_COMPILATION_MODE = wholemodule;
				SWIFT_OPTIMIZATION_LEVEL = "-O";
				VALIDATE_PRODUCT = YES;
			};
			name = Release;
		};
		53BF46942788283B00FC5AC8 /* Debug */ = {
			isa = XCBuildConfiguration;
			buildSettings = {
				ASSETCATALOG_COMPILER_APPICON_NAME = AppIcon;
				ASSETCATALOG_COMPILER_GLOBAL_ACCENT_COLOR_NAME = AccentColor;
				CODE_SIGN_STYLE = Automatic;
				CURRENT_PROJECT_VERSION = 1;
				GENERATE_INFOPLIST_FILE = YES;
				INFOPLIST_FILE = "Voyage Voyage/Info.plist";
				INFOPLIST_KEY_UIApplicationSupportsIndirectInputEvents = YES;
				INFOPLIST_KEY_UILaunchStoryboardName = LaunchScreen;
				INFOPLIST_KEY_UIMainStoryboardFile = Main;
				INFOPLIST_KEY_UIStatusBarHidden = YES;
				INFOPLIST_KEY_UISupportedInterfaceOrientations = UIInterfaceOrientationPortrait;
				INFOPLIST_KEY_UISupportedInterfaceOrientations_iPad = "UIInterfaceOrientationPortrait UIInterfaceOrientationPortraitUpsideDown UIInterfaceOrientationLandscapeLeft UIInterfaceOrientationLandscapeRight";
				INFOPLIST_KEY_UISupportedInterfaceOrientations_iPhone = "UIInterfaceOrientationPortrait UIInterfaceOrientationLandscapeLeft UIInterfaceOrientationLandscapeRight";
				LD_RUNPATH_SEARCH_PATHS = (
					"$(inherited)",
					"@executable_path/Frameworks",
				);
				MARKETING_VERSION = 1.0;
				PRODUCT_BUNDLE_IDENTIFIER = "frbgndhayan.Voyage-Voyage";
				PRODUCT_NAME = "$(TARGET_NAME)";
				SWIFT_EMIT_LOC_STRINGS = YES;
				SWIFT_VERSION = 5.0;
				TARGETED_DEVICE_FAMILY = 1;
			};
			name = Debug;
		};
		53BF46952788283B00FC5AC8 /* Release */ = {
			isa = XCBuildConfiguration;
			buildSettings = {
				ASSETCATALOG_COMPILER_APPICON_NAME = AppIcon;
				ASSETCATALOG_COMPILER_GLOBAL_ACCENT_COLOR_NAME = AccentColor;
				CODE_SIGN_STYLE = Automatic;
				CURRENT_PROJECT_VERSION = 1;
				GENERATE_INFOPLIST_FILE = YES;
				INFOPLIST_FILE = "Voyage Voyage/Info.plist";
				INFOPLIST_KEY_UIApplicationSupportsIndirectInputEvents = YES;
				INFOPLIST_KEY_UILaunchStoryboardName = LaunchScreen;
				INFOPLIST_KEY_UIMainStoryboardFile = Main;
				INFOPLIST_KEY_UIStatusBarHidden = YES;
				INFOPLIST_KEY_UISupportedInterfaceOrientations = UIInterfaceOrientationPortrait;
				INFOPLIST_KEY_UISupportedInterfaceOrientations_iPad = "UIInterfaceOrientationPortrait UIInterfaceOrientationPortraitUpsideDown UIInterfaceOrientationLandscapeLeft UIInterfaceOrientationLandscapeRight";
				INFOPLIST_KEY_UISupportedInterfaceOrientations_iPhone = "UIInterfaceOrientationPortrait UIInterfaceOrientationLandscapeLeft UIInterfaceOrientationLandscapeRight";
				LD_RUNPATH_SEARCH_PATHS = (
					"$(inherited)",
					"@executable_path/Frameworks",
				);
				MARKETING_VERSION = 1.0;
				PRODUCT_BUNDLE_IDENTIFIER = "frbgndhayan.Voyage-Voyage";
				PRODUCT_NAME = "$(TARGET_NAME)";
				SWIFT_EMIT_LOC_STRINGS = YES;
				SWIFT_VERSION = 5.0;
				TARGETED_DEVICE_FAMILY = 1;
			};
			name = Release;
		};
		53DBEFD7278F1DC500180917 /* Debug */ = {
			isa = XCBuildConfiguration;
			buildSettings = {
				BUNDLE_LOADER = "$(TEST_HOST)";
				CODE_SIGN_STYLE = Automatic;
				CURRENT_PROJECT_VERSION = 1;
				GENERATE_INFOPLIST_FILE = YES;
				LD_RUNPATH_SEARCH_PATHS = (
					"$(inherited)",
					"@executable_path/Frameworks",
					"@loader_path/Frameworks",
				);
				MARKETING_VERSION = 1.0;
				PRODUCT_BUNDLE_IDENTIFIER = frbgndhayan.VoyageTests;
				PRODUCT_NAME = "$(TARGET_NAME)";
				SWIFT_EMIT_LOC_STRINGS = NO;
				SWIFT_VERSION = 5.0;
				TARGETED_DEVICE_FAMILY = "1,2";
				TEST_HOST = "$(BUILT_PRODUCTS_DIR)/Voyage Voyage.app/Voyage Voyage";
			};
			name = Debug;
		};
		53DBEFD8278F1DC500180917 /* Release */ = {
			isa = XCBuildConfiguration;
			buildSettings = {
				BUNDLE_LOADER = "$(TEST_HOST)";
				CODE_SIGN_STYLE = Automatic;
				CURRENT_PROJECT_VERSION = 1;
				GENERATE_INFOPLIST_FILE = YES;
				LD_RUNPATH_SEARCH_PATHS = (
					"$(inherited)",
					"@executable_path/Frameworks",
					"@loader_path/Frameworks",
				);
				MARKETING_VERSION = 1.0;
				PRODUCT_BUNDLE_IDENTIFIER = frbgndhayan.VoyageTests;
				PRODUCT_NAME = "$(TARGET_NAME)";
				SWIFT_EMIT_LOC_STRINGS = NO;
				SWIFT_VERSION = 5.0;
				TARGETED_DEVICE_FAMILY = "1,2";
				TEST_HOST = "$(BUILT_PRODUCTS_DIR)/Voyage Voyage.app/Voyage Voyage";
			};
			name = Release;
		};
/* End XCBuildConfiguration section */

/* Begin XCConfigurationList section */
		53BF467A2788283900FC5AC8 /* Build configuration list for PBXProject "Voyage Voyage" */ = {
			isa = XCConfigurationList;
			buildConfigurations = (
				53BF46912788283B00FC5AC8 /* Debug */,
				53BF46922788283B00FC5AC8 /* Release */,
			);
			defaultConfigurationIsVisible = 0;
			defaultConfigurationName = Release;
		};
		53BF46932788283B00FC5AC8 /* Build configuration list for PBXNativeTarget "Voyage Voyage" */ = {
			isa = XCConfigurationList;
			buildConfigurations = (
				53BF46942788283B00FC5AC8 /* Debug */,
				53BF46952788283B00FC5AC8 /* Release */,
			);
			defaultConfigurationIsVisible = 0;
			defaultConfigurationName = Release;
		};
		53DBEFD6278F1DC500180917 /* Build configuration list for PBXNativeTarget "VoyageTests" */ = {
			isa = XCConfigurationList;
			buildConfigurations = (
				53DBEFD7278F1DC500180917 /* Debug */,
				53DBEFD8278F1DC500180917 /* Release */,
			);
			defaultConfigurationIsVisible = 0;
			defaultConfigurationName = Release;
		};
/* End XCConfigurationList section */
	};
	rootObject = 53BF46772788283900FC5AC8 /* Project object */;
}
